
Microsoft Visual Studio Solution File, Format Version 12.00
# Visual Studio 14
VisualStudioVersion = 14.0.23107.0
MinimumVisualStudioVersion = 10.0.40219.1
Project("{FAE04EC0-301F-11D3-BF4B-00C04F79EFBC}") = "VisitorPattern", "VisitorPattern\VisitorPattern.csproj", "{C925D1F9-E9B8-4FF1-9AFD-C8C5B8D8D05C}"
EndProject
Project("{FAE04EC0-301F-11D3-BF4B-00C04F79EFBC}") = "BuilderPattern", "BuilderPattern\BuilderPattern.csproj", "{FBAF01A4-C503-4597-9DD1-AEA1C86D6DF9}"
EndProject
Project("{FAE04EC0-301F-11D3-BF4B-00C04F79EFBC}") = "DecoratorPattern", "DecoratorPattern\DecoratorPattern.csproj", "{14850EEA-CB66-48C7-8E08-7771F9B0CB4E}"
EndProject
Project("{FAE04EC0-301F-11D3-BF4B-00C04F79EFBC}") = "FactoryPattern", "FactoryPattern\FactoryPattern.csproj", "{3FBB600C-B59E-48A5-85BC-D30BEB70B339}"
EndProject
Global
	GlobalSection(SolutionConfigurationPlatforms) = preSolution
		Debug|Any CPU = Debug|Any CPU
		Release|Any CPU = Release|Any CPU
	EndGlobalSection
	GlobalSection(ProjectConfigurationPlatforms) = postSolution
		{C925D1F9-E9B8-4FF1-9AFD-C8C5B8D8D05C}.Debug|Any CPU.ActiveCfg = Debug|Any CPU
		{C925D1F9-E9B8-4FF1-9AFD-C8C5B8D8D05C}.Debug|Any CPU.Build.0 = Debug|Any CPU
		{C925D1F9-E9B8-4FF1-9AFD-C8C5B8D8D05C}.Release|Any CPU.ActiveCfg = Release|Any CPU
		{C925D1F9-E9B8-4FF1-9AFD-C8C5B8D8D05C}.Release|Any CPU.Build.0 = Release|Any CPU
		{FBAF01A4-C503-4597-9DD1-AEA1C86D6DF9}.Debug|Any CPU.ActiveCfg = Debug|Any CPU
		{FBAF01A4-C503-4597-9DD1-AEA1C86D6DF9}.Debug|Any CPU.Build.0 = Debug|Any CPU
		{FBAF01A4-C503-4597-9DD1-AEA1C86D6DF9}.Release|Any CPU.ActiveCfg = Release|Any CPU
		{FBAF01A4-C503-4597-9DD1-AEA1C86D6DF9}.Release|Any CPU.Build.0 = Release|Any CPU
		{14850EEA-CB66-48C7-8E08-7771F9B0CB4E}.Debug|Any CPU.ActiveCfg = Debug|Any CPU
		{14850EEA-CB66-48C7-8E08-7771F9B0CB4E}.Debug|Any CPU.Build.0 = Debug|Any CPU
		{14850EEA-CB66-48C7-8E08-7771F9B0CB4E}.Release|Any CPU.ActiveCfg = Release|Any CPU
		{14850EEA-CB66-48C7-8E08-7771F9B0CB4E}.Release|Any CPU.Build.0 = Release|Any CPU
		{3FBB600C-B59E-48A5-85BC-D30BEB70B339}.Debug|Any CPU.ActiveCfg = Debug|Any CPU
		{3FBB600C-B59E-48A5-85BC-D30BEB70B339}.Debug|Any CPU.Build.0 = Debug|Any CPU
		{3FBB600C-B59E-48A5-85BC-D30BEB70B339}.Release|Any CPU.ActiveCfg = Release|Any CPU
		{3FBB600C-B59E-48A5-85BC-D30BEB70B339}.Release|Any CPU.Build.0 = Release|Any CPU
	EndGlobalSection
	GlobalSection(SolutionProperties) = preSolution
		HideSolutionNode = FALSE
	EndGlobalSection
EndGlobal
